
Microsoft Visual Studio Solution File, Format Version 12.00
# Visual Studio Version 16
VisualStudioVersion = 16.0.29920.165
MinimumVisualStudioVersion = 10.0.40219.1
Project("{9A19103F-16F7-4668-BE54-9A1E7A4F7556}") = "SpellingGame2", "SpellingGame2\SpellingGame2.csproj", "{3E110ADD-9890-4A90-9825-C701A80C8744}"
EndProject
Project("{FAE04EC0-301F-11D3-BF4B-00C04F79EFBC}") = "SpellingUnitTest", "SpellingUnitTest\SpellingUnitTest.csproj", "{1BA80CBE-C624-450D-8DB5-9D625A9B7661}"
EndProject
Global
	GlobalSection(SolutionConfigurationPlatforms) = preSolution
		Debug|Any CPU = Debug|Any CPU
		Release|Any CPU = Release|Any CPU
	EndGlobalSection
	GlobalSection(ProjectConfigurationPlatforms) = postSolution
		{3E110ADD-9890-4A90-9825-C701A80C8744}.Debug|Any CPU.ActiveCfg = Debug|Any CPU
		{3E110ADD-9890-4A90-9825-C701A80C8744}.Debug|Any CPU.Build.0 = Debug|Any CPU
		{3E110ADD-9890-4A90-9825-C701A80C8744}.Release|Any CPU.ActiveCfg = Release|Any CPU
		{3E110ADD-9890-4A90-9825-C701A80C8744}.Release|Any CPU.Build.0 = Release|Any CPU
		{1BA80CBE-C624-450D-8DB5-9D625A9B7661}.Debug|Any CPU.ActiveCfg = Debug|Any CPU
		{1BA80CBE-C624-450D-8DB5-9D625A9B7661}.Debug|Any CPU.Build.0 = Debug|Any CPU
		{1BA80CBE-C624-450D-8DB5-9D625A9B7661}.Release|Any CPU.ActiveCfg = Release|Any CPU
		{1BA80CBE-C624-450D-8DB5-9D625A9B7661}.Release|Any CPU.Build.0 = Release|Any CPU
	EndGlobalSection
	GlobalSection(SolutionProperties) = preSolution
		HideSolutionNode = FALSE
	EndGlobalSection
	GlobalSection(ExtensibilityGlobals) = postSolution
		SolutionGuid = {84B268FE-BDC4-4F6C-96B2-AE1E07DAD662}
	EndGlobalSection
EndGlobal
